# This file is autogenerated, do not edit; changes may be undone by the next 'dep ensure'.


[[projects]]
  branch = "master"
  name = "github.com/jackc/pgx"
  packages = [".","chunkreader","internal/sanitize","pgio","pgproto3","pgtype"]
  revision = "09eac2939fdcf5b6962420c817fffd39517a6228"
  source = "github.com/crvv/pgx"

[[projects]]
  name = "github.com/pkg/errors"
  packages = ["."]
  revision = "645ef00459ed84a119197bfb8d8205042c6df63d"
  version = "v0.8.0"

[solve-meta]
  analyzer-name = "dep"
  analyzer-version = 1
  inputs-digest = "d98fcf4c4492f2971015ab5f91502dc4132869de3d68806ae922acf93b27ef32"
  solver-name = "gps-cdcl"
  solver-version = 1
